
Microsoft Visual Studio Solution File, Format Version 12.00
# Visual Studio 15
VisualStudioVersion = 15.0.27130.2020
MinimumVisualStudioVersion = 10.0.40219.1
Project("{FAE04EC0-301F-11D3-BF4B-00C04F79EFBC}") = "MaxAndMin", "MaxAndMin\MaxAndMin.csproj", "{964FB48B-00CB-46DE-8EA9-22FE1584DD0A}"
EndProject
Global
	GlobalSection(SolutionConfigurationPlatforms) = preSolution
		Debug|Any CPU = Debug|Any CPU
		Release|Any CPU = Release|Any CPU
	EndGlobalSection
	GlobalSection(ProjectConfigurationPlatforms) = postSolution
		{964FB48B-00CB-46DE-8EA9-22FE1584DD0A}.Debug|Any CPU.ActiveCfg = Debug|Any CPU
		{964FB48B-00CB-46DE-8EA9-22FE1584DD0A}.Debug|Any CPU.Build.0 = Debug|Any CPU
		{964FB48B-00CB-46DE-8EA9-22FE1584DD0A}.Release|Any CPU.ActiveCfg = Release|Any CPU
		{964FB48B-00CB-46DE-8EA9-22FE1584DD0A}.Release|Any CPU.Build.0 = Release|Any CPU
	EndGlobalSection
	GlobalSection(SolutionProperties) = preSolution
		HideSolutionNode = FALSE
	EndGlobalSection
	GlobalSection(ExtensibilityGlobals) = postSolution
		SolutionGuid = {0D17906E-4CAF-46F1-9219-D8B571447157}
	EndGlobalSection
EndGlobal
