
Microsoft Visual Studio Solution File, Format Version 12.00
# Visual Studio 15
VisualStudioVersion = 15.0.27130.2020
MinimumVisualStudioVersion = 10.0.40219.1
Project("{FAE04EC0-301F-11D3-BF4B-00C04F79EFBC}") = "Student", "Student\Student.csproj", "{1316B96F-6189-48AF-8A9E-8DA4DD56843D}"
EndProject
Global
	GlobalSection(SolutionConfigurationPlatforms) = preSolution
		Debug|Any CPU = Debug|Any CPU
		Release|Any CPU = Release|Any CPU
	EndGlobalSection
	GlobalSection(ProjectConfigurationPlatforms) = postSolution
		{1316B96F-6189-48AF-8A9E-8DA4DD56843D}.Debug|Any CPU.ActiveCfg = Debug|Any CPU
		{1316B96F-6189-48AF-8A9E-8DA4DD56843D}.Debug|Any CPU.Build.0 = Debug|Any CPU
		{1316B96F-6189-48AF-8A9E-8DA4DD56843D}.Release|Any CPU.ActiveCfg = Release|Any CPU
		{1316B96F-6189-48AF-8A9E-8DA4DD56843D}.Release|Any CPU.Build.0 = Release|Any CPU
	EndGlobalSection
	GlobalSection(SolutionProperties) = preSolution
		HideSolutionNode = FALSE
	EndGlobalSection
	GlobalSection(ExtensibilityGlobals) = postSolution
		SolutionGuid = {3BC9F93C-C6A8-49FA-BC0E-C9C1A1DAC5F3}
	EndGlobalSection
EndGlobal
